
Microsoft Visual Studio Solution File, Format Version 12.00
# Visual Studio Version 17
VisualStudioVersion = 17.7.34221.43
MinimumVisualStudioVersion = 10.0.40219.1
Project("{FAE04EC0-301F-11D3-BF4B-00C04F79EFBC}") = "teste", "teste.csproj", "{C97B2CE8-98D3-4600-9177-51D274F88608}"
EndProject
Global
	GlobalSection(SolutionConfigurationPlatforms) = preSolution
		Debug|Any CPU = Debug|Any CPU
		Release|Any CPU = Release|Any CPU
	EndGlobalSection
	GlobalSection(ProjectConfigurationPlatforms) = postSolution
		{C97B2CE8-98D3-4600-9177-51D274F88608}.Debug|Any CPU.ActiveCfg = Debug|Any CPU
		{C97B2CE8-98D3-4600-9177-51D274F88608}.Debug|Any CPU.Build.0 = Debug|Any CPU
		{C97B2CE8-98D3-4600-9177-51D274F88608}.Release|Any CPU.ActiveCfg = Release|Any CPU
		{C97B2CE8-98D3-4600-9177-51D274F88608}.Release|Any CPU.Build.0 = Release|Any CPU
	EndGlobalSection
	GlobalSection(SolutionProperties) = preSolution
		HideSolutionNode = FALSE
	EndGlobalSection
	GlobalSection(ExtensibilityGlobals) = postSolution
		SolutionGuid = {2C5591C4-39DB-45BB-9EF5-F225DD79605A}
	EndGlobalSection
EndGlobal
